<?xml version="1.0" encoding="utf-8"?>
<Project ToolsVersion="4.0" xmlns="http://schemas.microsoft.com/developer/msbuild/2003">
  <ItemGroup>
    <Filter Include="Source Files">
      <UniqueIdentifier>{4FC737F1-C7A5-4376-A066-2A32D752A2FF}</UniqueIdentifier>
      <Extensions>cpp;c;cc;cxx;def;odl;idl;hpj;bat;asm;asmx</Extensions>
    </Filter>
    <Filter Include="Header Files">
      <UniqueIdentifier>{93995380-89BD-4b04-88EB-625FBE52EBFB}</UniqueIdentifier>
      <Extensions>h;hh;hpp;hxx;hm;inl;inc;xsd</Extensions>
    </Filter>
    <Filter Include="Resource Files">
      <UniqueIdentifier>{67DA6AB6-F800-4c08-8B7A-83BB121AAD01}</UniqueIdentifier>
      <Extensions>rc;ico;cur;bmp;dlg;rc2;rct;bin;rgs;gif;jpg;jpeg;jpe;resx;tiff;tif;png;wav;mfcribbon-ms</Extensions>
    </Filter>
  </ItemGroup>
  <ItemGroup>
    <ClInclude Include="includes.h">
      <Filter>Header Files</Filter>
    </ClInclude>
    <ClInclude Include="SDK\AnimLayer.h">
      <Filter>Header Files</Filter>
    </ClInclude>
    <ClInclude Include="SDK\CBaseAnimState.h">
      <Filter>Header Files</Filter>
    </ClInclude>
    <ClInclude Include="SDK\CBaseEntity.h">
      <Filter>Header Files</Filter>
    </ClInclude>
    <ClInclude Include="SDK\CBaseWeapon.h">
      <Filter>Header Files</Filter>
    </ClInclude>
    <ClInclude Include="SDK\CClientEntityList.h">
      <Filter>Header Files</Filter>
    </ClInclude>
    <ClInclude Include="SDK\CGlobalVars.h">
      <Filter>Header Files</Filter>
    </ClInclude>
    <ClInclude Include="SDK\CGlowObjectManager.h">
      <Filter>Header Files</Filter>
    </ClInclude>
    <ClInclude Include="SDK\Checksum_CRC.h">
      <Filter>Header Files</Filter>
    </ClInclude>
    <ClInclude Include="SDK\CInput.h">
      <Filter>Header Files</Filter>
    </ClInclude>
    <ClInclude Include="SDK\CInputSystem.h">
      <Filter>Header Files</Filter>
    </ClInclude>
    <ClInclude Include="SDK\Collideable.h">
      <Filter>Header Files</Filter>
    </ClInclude>
    <ClInclude Include="SDK\ConVar.h">
      <Filter>Header Files</Filter>
    </ClInclude>
    <ClInclude Include="SDK\CPanel.h">
      <Filter>Header Files</Filter>
    </ClInclude>
    <ClInclude Include="SDK\CTrace.h">
      <Filter>Header Files</Filter>
    </ClInclude>
    <ClInclude Include="SDK\CUserCmd.h">
      <Filter>Header Files</Filter>
    </ClInclude>
    <ClInclude Include="SDK\IClient.h">
      <Filter>Header Files</Filter>
    </ClInclude>
    <ClInclude Include="SDK\IEngine.h">
      <Filter>Header Files</Filter>
    </ClInclude>
    <ClInclude Include="SDK\IMaterial.h">
      <Filter>Header Files</Filter>
    </ClInclude>
    <ClInclude Include="SDK\INetChannelInfo.h">
      <Filter>Header Files</Filter>
    </ClInclude>
    <ClInclude Include="SDK\ISurface.h">
      <Filter>Header Files</Filter>
    </ClInclude>
    <ClInclude Include="SDK\IVDebugOverlay.h">
      <Filter>Header Files</Filter>
    </ClInclude>
    <ClInclude Include="SDK\ModelInfo.h">
      <Filter>Header Files</Filter>
    </ClInclude>
    <ClInclude Include="SDK\ModelRender.h">
      <Filter>Header Files</Filter>
    </ClInclude>
    <ClInclude Include="SDK\NetChannel.h">
      <Filter>Header Files</Filter>
    </ClInclude>
    <ClInclude Include="SDK\player_info_t.h">
      <Filter>Header Files</Filter>
    </ClInclude>
    <ClInclude Include="SDK\RecvData.h">
      <Filter>Header Files</Filter>
    </ClInclude>
    <ClInclude Include="SDK\RenderView.h">
      <Filter>Header Files</Filter>
    </ClInclude>
    <ClInclude Include="SDK\SurfaceData.h">
      <Filter>Header Files</Filter>
    </ClInclude>
    <ClInclude Include="UTILS\color.h">
      <Filter>Header Files</Filter>
    </ClInclude>
    <ClInclude Include="UTILS\CUtlVector.h">
      <Filter>Header Files</Filter>
    </ClInclude>
    <ClInclude Include="UTILS\general_utils.h">
      <Filter>Header Files</Filter>
    </ClInclude>
    <ClInclude Include="UTILS\input_handler.h">
      <Filter>Header Files</Filter>
    </ClInclude>
    <ClInclude Include="UTILS\interfaces.h">
      <Filter>Header Files</Filter>
    </ClInclude>
    <ClInclude Include="UTILS\logging.h">
      <Filter>Header Files</Filter>
    </ClInclude>
    <ClInclude Include="UTILS\math.h">
      <Filter>Header Files</Filter>
    </ClInclude>
    <ClInclude Include="UTILS\NetvarHookManager.h">
      <Filter>Header Files</Filter>
    </ClInclude>
    <ClInclude Include="UTILS\offsets.h">
      <Filter>Header Files</Filter>
    </ClInclude>
    <ClInclude Include="UTILS\quaternion.h">
      <Filter>Header Files</Filter>
    </ClInclude>
    <ClInclude Include="UTILS\render.h">
      <Filter>Header Files</Filter>
    </ClInclude>
    <ClInclude Include="UTILS\variables.h">
      <Filter>Header Files</Filter>
    </ClInclude>
    <ClInclude Include="UTILS\vector2D.h">
      <Filter>Header Files</Filter>
    </ClInclude>
    <ClInclude Include="UTILS\vector3D.h">
      <Filter>Header Files</Filter>
    </ClInclude>
    <ClInclude Include="UTILS\vmatrix.h">
      <Filter>Header Files</Filter>
    </ClInclude>
    <ClInclude Include="UTILS\vmt.h">
      <Filter>Header Files</Filter>
    </ClInclude>
    <ClInclude Include="FEATURES\Movement.h">
      <Filter>Header Files</Filter>
    </ClInclude>
    <ClInclude Include="FEATURES\Visuals.h">
      <Filter>Header Files</Filter>
    </ClInclude>
    <ClInclude Include="FEATURES\Chams.h">
      <Filter>Header Files</Filter>
    </ClInclude>
    <ClInclude Include="FEATURES\Backtracking.h">
      <Filter>Header Files</Filter>
    </ClInclude>
    <ClInclude Include="FEATURES\AntiAim.h">
      <Filter>Header Files</Filter>
    </ClInclude>
    <ClInclude Include="FEATURES\AutoWall.h">
      <Filter>Header Files</Filter>
    </ClInclude>
    <ClInclude Include="SDK\CViewSetup.h">
      <Filter>Header Files</Filter>
    </ClInclude>
    <ClInclude Include="FEATURES\Fakewalk.h">
      <Filter>Header Files</Filter>
    </ClInclude>
    <ClInclude Include="FEATURES\FakeLag.h">
      <Filter>Header Files</Filter>
    </ClInclude>
    <ClInclude Include="SDK\GameEvents.h">
      <Filter>Header Files</Filter>
    </ClInclude>
    <ClInclude Include="FEATURES\EventListener.h">
      <Filter>Header Files</Filter>
    </ClInclude>
    <ClInclude Include="HOOKS\hooks.h">
      <Filter>Header Files</Filter>
    </ClInclude>
    <ClInclude Include="SDK\IViewRenderBeams.h">
      <Filter>Header Files</Filter>
    </ClInclude>
    <ClInclude Include="UTILS\playerinclude.h">
      <Filter>Header Files</Filter>
    </ClInclude>
    <ClInclude Include="SDK\CBaseAnimating.h">
      <Filter>Header Files</Filter>
    </ClInclude>
    <ClInclude Include="UTILS\qangle.h">
      <Filter>Header Files</Filter>
    </ClInclude>
    <ClInclude Include="FEATURES\EnginePred.h">
      <Filter>Header Files</Filter>
    </ClInclude>
    <ClInclude Include="SDK\CPrediction.h">
      <Filter>Header Files</Filter>
    </ClInclude>
    <ClInclude Include="SDK\StudioRender.h">
      <Filter>Header Files</Filter>
    </ClInclude>
    <ClInclude Include="FEATURES\GrenadePrediction.h">
      <Filter>Header Files</Filter>
    </ClInclude>
    <ClInclude Include="FEATURES\Legitbot.h">
      <Filter>Header Files</Filter>
    </ClInclude>
    <ClInclude Include="FEATURES\Flashlight.h">
      <Filter>Header Files</Filter>
    </ClInclude>
    <ClInclude Include="SDK\IMemAlloc.h">
      <Filter>Header Files</Filter>
    </ClInclude>
    <ClInclude Include="shit.h">
      <Filter>Header Files</Filter>
    </ClInclude>
    <ClInclude Include="imgui\DX9\imgui_impl_dx9.h">
      <Filter>Header Files</Filter>
    </ClInclude>
    <ClInclude Include="imgui\imconfig.h">
      <Filter>Header Files</Filter>
    </ClInclude>
    <ClInclude Include="imgui\imgui.h">
      <Filter>Header Files</Filter>
    </ClInclude>
    <ClInclude Include="imgui\imgui_internal.h">
      <Filter>Header Files</Filter>
    </ClInclude>
    <ClInclude Include="imgui\stb_rect_pack.h">
      <Filter>Header Files</Filter>
    </ClInclude>
    <ClInclude Include="imgui\stb_textedit.h">
      <Filter>Header Files</Filter>
    </ClInclude>
    <ClInclude Include="imgui\stb_truetype.h">
      <Filter>Header Files</Filter>
    </ClInclude>
    <ClInclude Include="FEATURES\D9Visuals.h">
      <Filter>Header Files</Filter>
    </ClInclude>
    <ClInclude Include="FEATURES\GloveChanger.h">
      <Filter>Header Files</Filter>
    </ClInclude>
    <ClInclude Include="FEATURES\recv.h">
      <Filter>Header Files</Filter>
    </ClInclude>
    <ClInclude Include="FEATURES\SkinChanger.h">
      <Filter>Header Files</Filter>
    </ClInclude>
    <ClInclude Include="FEATURES\StickerChanger.h">
      <Filter>Header Files</Filter>
    </ClInclude>
    <ClInclude Include="FEATURES\modelchangershit.h">
      <Filter>Header Files</Filter>
    </ClInclude>
    <ClInclude Include="FEATURES\NewEventLog.h">
      <Filter>Header Files</Filter>
    </ClInclude>
    <ClInclude Include="SDK\IEngineSound.h">
      <Filter>Header Files</Filter>
    </ClInclude>
    <ClInclude Include="FEATURES\custom_font.h">
      <Filter>Header Files</Filter>
    </ClInclude>
    <ClInclude Include="nightmode.h">
      <Filter>Header Files</Filter>
    </ClInclude>
    <ClInclude Include="FEATURES\Aimbot.h">
      <Filter>Header Files</Filter>
    </ClInclude>
    <ClInclude Include="cheats\visuals\player_esp.h">
      <Filter>Header Files</Filter>
    </ClInclude>
    <ClInclude Include="cheats\visuals\other_esp.h">
      <Filter>Header Files</Filter>
    </ClInclude>
    <ClInclude Include="cheats\visuals\world_esp.h">
      <Filter>Header Files</Filter>
    </ClInclude>
    <ClInclude Include="cheats\rage bot\resolver.h">
      <Filter>Header Files</Filter>
    </ClInclude>
    <ClInclude Include="singleton.h">
      <Filter>Header Files</Filter>
    </ClInclude>
    <ClInclude Include="night_mode.h">
      <Filter>Header Files</Filter>
    </ClInclude>
    <ClInclude Include="configurations\configurations.hpp">
      <Filter>Header Files</Filter>
    </ClInclude>
    <ClInclude Include="csgo_sdk\utils\utils.h">
      <Filter>Header Files</Filter>
    </ClInclude>
    <ClInclude Include="hitmarker.h">
      <Filter>Header Files</Filter>
    </ClInclude>
    <ClInclude Include="csgo_sdk\math\math.h">
      <Filter>Header Files</Filter>
    </ClInclude>
  </ItemGroup>
  <ItemGroup>
    <ClCompile Include="main.cpp">
      <Filter>Source Files</Filter>
    </ClCompile>
    <ClCompile Include="SDK\sdk.cpp">
      <Filter>Source Files</Filter>
    </ClCompile>
    <ClCompile Include="UTILS\general_utils.cpp">
      <Filter>Source Files</Filter>
    </ClCompile>
    <ClCompile Include="UTILS\input_handler.cpp">
      <Filter>Source Files</Filter>
    </ClCompile>
    <ClCompile Include="UTILS\interfaces.cpp">
      <Filter>Source Files</Filter>
    </ClCompile>
    <ClCompile Include="UTILS\logging.cpp">
      <Filter>Source Files</Filter>
    </ClCompile>
    <ClCompile Include="UTILS\math.cpp">
      <Filter>Source Files</Filter>
    </ClCompile>
    <ClCompile Include="UTILS\NetvarHookManager.cpp">
      <Filter>Source Files</Filter>
    </ClCompile>
    <ClCompile Include="UTILS\offsets.cpp">
      <Filter>Source Files</Filter>
    </ClCompile>
    <ClCompile Include="UTILS\render.cpp">
      <Filter>Source Files</Filter>
    </ClCompile>
    <ClCompile Include="UTILS\variables.cpp">
      <Filter>Source Files</Filter>
    </ClCompile>
    <ClCompile Include="UTILS\vmt.cpp">
      <Filter>Source Files</Filter>
    </ClCompile>
    <ClCompile Include="FEATURES\Movement.cpp">
      <Filter>Source Files</Filter>
    </ClCompile>
    <ClCompile Include="FEATURES\Visuals.cpp">
      <Filter>Source Files</Filter>
    </ClCompile>
    <ClCompile Include="FEATURES\Chams.cpp">
      <Filter>Source Files</Filter>
    </ClCompile>
    <ClCompile Include="FEATURES\Backtracking.cpp">
      <Filter>Source Files</Filter>
    </ClCompile>
    <ClCompile Include="FEATURES\AntiAim.cpp">
      <Filter>Source Files</Filter>
    </ClCompile>
    <ClCompile Include="FEATURES\AutoWall.cpp">
      <Filter>Source Files</Filter>
    </ClCompile>
    <ClCompile Include="FEATURES\Fakewalk.cpp">
      <Filter>Source Files</Filter>
    </ClCompile>
    <ClCompile Include="FEATURES\EventListener.cpp">
      <Filter>Source Files</Filter>
    </ClCompile>
    <ClCompile Include="FEATURES\FakeLag.cpp">
      <Filter>Source Files</Filter>
    </ClCompile>
    <ClCompile Include="HOOKS\hooks.cpp">
      <Filter>Source Files</Filter>
    </ClCompile>
    <ClCompile Include="UTILS\spoofedconvar.cpp">
      <Filter>Source Files</Filter>
    </ClCompile>
    <ClCompile Include="FEATURES\EnginePred.cpp">
      <Filter>Source Files</Filter>
    </ClCompile>
    <ClCompile Include="SDK\CGlobalVars.cpp">
      <Filter>Source Files</Filter>
    </ClCompile>
    <ClCompile Include="FEATURES\GrenadePrediction.cpp">
      <Filter>Source Files</Filter>
    </ClCompile>
    <ClCompile Include="FEATURES\Legitbot.cpp">
      <Filter>Source Files</Filter>
    </ClCompile>
    <ClCompile Include="FEATURES\Flashlight.cpp">
      <Filter>Source Files</Filter>
    </ClCompile>
    <ClCompile Include="imgui\DX9\imgui_impl_dx9.cpp">
      <Filter>Source Files</Filter>
    </ClCompile>
    <ClCompile Include="imgui\imgui.cpp">
      <Filter>Source Files</Filter>
    </ClCompile>
    <ClCompile Include="imgui\imgui_draw.cpp">
      <Filter>Source Files</Filter>
    </ClCompile>
    <ClCompile Include="FEATURES\D9Visuals.cpp">
      <Filter>Source Files</Filter>
    </ClCompile>
    <ClCompile Include="FEATURES\GloveChanger.cpp">
      <Filter>Source Files</Filter>
    </ClCompile>
    <ClCompile Include="FEATURES\recv.cpp">
      <Filter>Source Files</Filter>
    </ClCompile>
    <ClCompile Include="FEATURES\Skinchanger.cpp">
      <Filter>Source Files</Filter>
    </ClCompile>
    <ClCompile Include="FEATURES\StickerChanger.cpp">
      <Filter>Source Files</Filter>
    </ClCompile>
    <ClCompile Include="FEATURES\NewEventLog.cpp">
      <Filter>Source Files</Filter>
    </ClCompile>
    <ClCompile Include="nightmode.cpp">
      <Filter>Source Files</Filter>
    </ClCompile>
    <ClCompile Include="FEATURES\Aimbot.cpp">
      <Filter>Source Files</Filter>
    </ClCompile>
    <ClCompile Include="cheats\visuals\player_esp.cpp">
      <Filter>Source Files</Filter>
    </ClCompile>
    <ClCompile Include="cheats\visuals\other_esp.cpp">
      <Filter>Source Files</Filter>
    </ClCompile>
    <ClCompile Include="cheats\visuals\world_esp.cpp">
      <Filter>Source Files</Filter>
    </ClCompile>
    <ClCompile Include="cheats\rage bot\resolver.cpp">
      <Filter>Source Files</Filter>
    </ClCompile>
    <ClCompile Include="night_mode.cpp">
      <Filter>Source Files</Filter>
    </ClCompile>
    <ClCompile Include="configurations\configurations.cpp">
      <Filter>Source Files</Filter>
    </ClCompile>
    <ClCompile Include="configurations\XorStr.hpp">
      <Filter>Source Files</Filter>
    </ClCompile>
    <ClCompile Include="csgo_sdk\utils\utils.cpp">
      <Filter>Source Files</Filter>
    </ClCompile>
    <ClCompile Include="hitmarker.cpp">
      <Filter>Source Files</Filter>
    </ClCompile>
    <ClCompile Include="csgo_sdk\math\math.cpp">
      <Filter>Source Files</Filter>
    </ClCompile>
  </ItemGroup>
</Project>